
Microsoft Visual Studio Solution File, Format Version 12.00
# Visual Studio Version 16
VisualStudioVersion = 16.0.32510.428
MinimumVisualStudioVersion = 10.0.40219.1
Project("{9A19103F-16F7-4668-BE54-9A1E7A4F7556}") = "Messager.Customers.API", "Messager.Customers.API\Messager.Customers.API.csproj", "{EE1003C2-CAE6-404A-A3D3-F813152C27EB}"
EndProject
Project("{9A19103F-16F7-4668-BE54-9A1E7A4F7556}") = "Messager.Customers.Domain.Core", "Messager.Customers.Domain.Core\Messager.Customers.Domain.Core.csproj", "{1FBBD33A-D295-4581-A2DC-55C20F2B18FC}"
EndProject
Project("{9A19103F-16F7-4668-BE54-9A1E7A4F7556}") = "Messager.Customers.Domain.Interfaces", "Messager.Customers.Domain.Interfaces\Messager.Customers.Domain.Interfaces.csproj", "{A8A56406-F5E5-4E85-98F8-8C61FF4D3464}"
EndProject
Project("{9A19103F-16F7-4668-BE54-9A1E7A4F7556}") = "Messager.Customers.Application.Services", "Messager.Customers.Application.Services\Messager.Customers.Application.Services.csproj", "{670ED793-BE1A-4849-B0F5-DEA955235F2D}"
EndProject
Global
	GlobalSection(SolutionConfigurationPlatforms) = preSolution
		Debug|Any CPU = Debug|Any CPU
		Release|Any CPU = Release|Any CPU
	EndGlobalSection
	GlobalSection(ProjectConfigurationPlatforms) = postSolution
		{EE1003C2-CAE6-404A-A3D3-F813152C27EB}.Debug|Any CPU.ActiveCfg = Debug|Any CPU
		{EE1003C2-CAE6-404A-A3D3-F813152C27EB}.Debug|Any CPU.Build.0 = Debug|Any CPU
		{EE1003C2-CAE6-404A-A3D3-F813152C27EB}.Release|Any CPU.ActiveCfg = Release|Any CPU
		{EE1003C2-CAE6-404A-A3D3-F813152C27EB}.Release|Any CPU.Build.0 = Release|Any CPU
		{1FBBD33A-D295-4581-A2DC-55C20F2B18FC}.Debug|Any CPU.ActiveCfg = Debug|Any CPU
		{1FBBD33A-D295-4581-A2DC-55C20F2B18FC}.Debug|Any CPU.Build.0 = Debug|Any CPU
		{1FBBD33A-D295-4581-A2DC-55C20F2B18FC}.Release|Any CPU.ActiveCfg = Release|Any CPU
		{1FBBD33A-D295-4581-A2DC-55C20F2B18FC}.Release|Any CPU.Build.0 = Release|Any CPU
		{A8A56406-F5E5-4E85-98F8-8C61FF4D3464}.Debug|Any CPU.ActiveCfg = Debug|Any CPU
		{A8A56406-F5E5-4E85-98F8-8C61FF4D3464}.Debug|Any CPU.Build.0 = Debug|Any CPU
		{A8A56406-F5E5-4E85-98F8-8C61FF4D3464}.Release|Any CPU.ActiveCfg = Release|Any CPU
		{A8A56406-F5E5-4E85-98F8-8C61FF4D3464}.Release|Any CPU.Build.0 = Release|Any CPU
		{670ED793-BE1A-4849-B0F5-DEA955235F2D}.Debug|Any CPU.ActiveCfg = Debug|Any CPU
		{670ED793-BE1A-4849-B0F5-DEA955235F2D}.Debug|Any CPU.Build.0 = Debug|Any CPU
		{670ED793-BE1A-4849-B0F5-DEA955235F2D}.Release|Any CPU.ActiveCfg = Release|Any CPU
		{670ED793-BE1A-4849-B0F5-DEA955235F2D}.Release|Any CPU.Build.0 = Release|Any CPU
	EndGlobalSection
	GlobalSection(SolutionProperties) = preSolution
		HideSolutionNode = FALSE
	EndGlobalSection
	GlobalSection(ExtensibilityGlobals) = postSolution
		SolutionGuid = {B319DC4A-2A15-4743-98C7-34B2BFFE083F}
	EndGlobalSection
EndGlobal
